
Microsoft Visual Studio Solution File, Format Version 12.00
# Visual Studio Version 17
VisualStudioVersion = 17.3.32901.215
MinimumVisualStudioVersion = 10.0.40219.1
Project("{FAE04EC0-301F-11D3-BF4B-00C04F79EFBC}") = "GameZone", "GameZone\GameZone.csproj", "{D3F39E32-D8A0-414D-9C0F-63C1DF32A572}"
EndProject
Global
	GlobalSection(SolutionConfigurationPlatforms) = preSolution
		Debug|Any CPU = Debug|Any CPU
		Release|Any CPU = Release|Any CPU
	EndGlobalSection
	GlobalSection(ProjectConfigurationPlatforms) = postSolution
		{D3F39E32-D8A0-414D-9C0F-63C1DF32A572}.Debug|Any CPU.ActiveCfg = Debug|Any CPU
		{D3F39E32-D8A0-414D-9C0F-63C1DF32A572}.Debug|Any CPU.Build.0 = Debug|Any CPU
		{D3F39E32-D8A0-414D-9C0F-63C1DF32A572}.Release|Any CPU.ActiveCfg = Release|Any CPU
		{D3F39E32-D8A0-414D-9C0F-63C1DF32A572}.Release|Any CPU.Build.0 = Release|Any CPU
	EndGlobalSection
	GlobalSection(SolutionProperties) = preSolution
		HideSolutionNode = FALSE
	EndGlobalSection
	GlobalSection(ExtensibilityGlobals) = postSolution
		SolutionGuid = {E388F07D-25D9-4F98-AED6-963B088095B1}
	EndGlobalSection
EndGlobal
